
Microsoft Visual Studio Solution File, Format Version 12.00
# Visual Studio Version 16
VisualStudioVersion = 16.0.30804.86
MinimumVisualStudioVersion = 10.0.40219.1
Project("{FAE04EC0-301F-11D3-BF4B-00C04F79EFBC}") = "AgendaWareUI", "AgendaWare\AgendaWareUI.csproj", "{419AD855-0238-49EB-865A-09DFC898D489}"
EndProject
Project("{FAE04EC0-301F-11D3-BF4B-00C04F79EFBC}") = "AgendaWareData", "AgendaWareData\AgendaWareData.csproj", "{3C6BCDEE-018E-464F-BDB7-15AEA83EB83D}"
EndProject
Project("{FAE04EC0-301F-11D3-BF4B-00C04F79EFBC}") = "AgendaWareModel", "AgendaWareModel\AgendaWareModel.csproj", "{1E3E86ED-6285-44A7-A137-933D8E13D8B2}"
EndProject
Global
	GlobalSection(SolutionConfigurationPlatforms) = preSolution
		Debug|Any CPU = Debug|Any CPU
		Release|Any CPU = Release|Any CPU
	EndGlobalSection
	GlobalSection(ProjectConfigurationPlatforms) = postSolution
		{419AD855-0238-49EB-865A-09DFC898D489}.Debug|Any CPU.ActiveCfg = Debug|Any CPU
		{419AD855-0238-49EB-865A-09DFC898D489}.Debug|Any CPU.Build.0 = Debug|Any CPU
		{419AD855-0238-49EB-865A-09DFC898D489}.Release|Any CPU.ActiveCfg = Release|Any CPU
		{419AD855-0238-49EB-865A-09DFC898D489}.Release|Any CPU.Build.0 = Release|Any CPU
		{3C6BCDEE-018E-464F-BDB7-15AEA83EB83D}.Debug|Any CPU.ActiveCfg = Debug|Any CPU
		{3C6BCDEE-018E-464F-BDB7-15AEA83EB83D}.Debug|Any CPU.Build.0 = Debug|Any CPU
		{3C6BCDEE-018E-464F-BDB7-15AEA83EB83D}.Release|Any CPU.ActiveCfg = Release|Any CPU
		{3C6BCDEE-018E-464F-BDB7-15AEA83EB83D}.Release|Any CPU.Build.0 = Release|Any CPU
		{1E3E86ED-6285-44A7-A137-933D8E13D8B2}.Debug|Any CPU.ActiveCfg = Debug|Any CPU
		{1E3E86ED-6285-44A7-A137-933D8E13D8B2}.Debug|Any CPU.Build.0 = Debug|Any CPU
		{1E3E86ED-6285-44A7-A137-933D8E13D8B2}.Release|Any CPU.ActiveCfg = Release|Any CPU
		{1E3E86ED-6285-44A7-A137-933D8E13D8B2}.Release|Any CPU.Build.0 = Release|Any CPU
	EndGlobalSection
	GlobalSection(SolutionProperties) = preSolution
		HideSolutionNode = FALSE
	EndGlobalSection
	GlobalSection(ExtensibilityGlobals) = postSolution
		SolutionGuid = {3ED49488-84C4-4905-BD49-AB885B342F08}
	EndGlobalSection
EndGlobal
